
Microsoft Visual Studio Solution File, Format Version 12.00
# Visual Studio Version 17
VisualStudioVersion = 17.0.31919.166
MinimumVisualStudioVersion = 10.0.40219.1
Project("{2150E333-8FDC-42A3-9474-1A3956D46DE8}") = "Week02", "Week02", "{D5F0EB83-B16E-4809-A28D-A93022351317}"
EndProject
Project("{2150E333-8FDC-42A3-9474-1A3956D46DE8}") = "Lesson04", "Lesson04", "{B57B3409-17F1-448F-8645-1543B01A54E0}"
EndProject
Project("{9A19103F-16F7-4668-BE54-9A1E7A4F7556}") = "Lesson04Task01", "Lesson04Task01\Lesson04Task01.csproj", "{43AE0AAD-6684-4894-8DA0-10C1D14213CB}"
EndProject
Project("{2150E333-8FDC-42A3-9474-1A3956D46DE8}") = "Helpers", "Helpers", "{194FA13D-ED30-409D-84BB-64202DC31FCB}"
EndProject
Project("{9A19103F-16F7-4668-BE54-9A1E7A4F7556}") = "Helpers", "Helpers\Helpers.csproj", "{E2F5CA37-F07A-4627-A3EA-938500D51328}"
EndProject
Project("{9A19103F-16F7-4668-BE54-9A1E7A4F7556}") = "Lesson04Task02", "Lesson04Task02\Lesson04Task02.csproj", "{EFB521AC-5D30-4648-8F7B-4D01A3A90E21}"
EndProject
Project("{9A19103F-16F7-4668-BE54-9A1E7A4F7556}") = "Lesson04Task03", "Lesson04Task03\Lesson04Task03.csproj", "{D87ECE75-4CDF-4FF7-9443-7031C9923D22}"
EndProject
Project("{9A19103F-16F7-4668-BE54-9A1E7A4F7556}") = "Lesson04Task04", "Lesson04Task04\Lesson04Task04.csproj", "{9BAFA831-D6C3-42C9-86F6-AC44BE3FC251}"
EndProject
Project("{9A19103F-16F7-4668-BE54-9A1E7A4F7556}") = "Lesson04Task05", "Lesson04Task05\Lesson04Task05.csproj", "{87E3BA3D-D4BC-4F7E-91CD-8BC4D2DE66AD}"
EndProject
Project("{2150E333-8FDC-42A3-9474-1A3956D46DE8}") = "Lesson07", "Lesson07", "{64E69E66-F5C5-455D-8C4D-3DC5F9D33729}"
EndProject
Project("{FAE04EC0-301F-11D3-BF4B-00C04F79EFBC}") = "Lesson07Task01", "Lesson07Task01\Lesson07Task01.csproj", "{CFACD26F-5842-4600-A3FD-8D01B6BBACCE}"
EndProject
Project("{FAE04EC0-301F-11D3-BF4B-00C04F79EFBC}") = "Lesson07Task02", "Lesson07Task02\Lesson07Task02.csproj", "{B8B49D49-F9A5-49F6-BB68-EB927B7127BA}"
EndProject
Project("{FAE04EC0-301F-11D3-BF4B-00C04F79EFBC}") = "Lesson07Task03", "Lesson07Task03\Lesson07Task03.csproj", "{18A80A83-83E8-4F8A-B170-B5D32E91CC51}"
EndProject
Project("{FAE04EC0-301F-11D3-BF4B-00C04F79EFBC}") = "Lesson07Task04", "Lesson07Task04\Lesson07Task04.csproj", "{44F65987-5B82-4430-A4FF-A1F6CE67A90D}"
EndProject
Project("{FAE04EC0-301F-11D3-BF4B-00C04F79EFBC}") = "Lesson07Task05", "Lesson07Task05\Lesson07Task05.csproj", "{7B6E459B-6A62-4F80-923A-E17D1249FBB6}"
EndProject
Project("{FAE04EC0-301F-11D3-BF4B-00C04F79EFBC}") = "Lesson07Task06", "Lesson07Task06\Lesson07Task06.csproj", "{534B7F49-2278-4E76-90B0-E6EFD5131299}"
EndProject
Project("{FAE04EC0-301F-11D3-BF4B-00C04F79EFBC}") = "Lesson07Task07", "Lesson07Task07\Lesson07Task07.csproj", "{30EF63F3-D482-44FE-858F-446EF9F5E18F}"
EndProject
Project("{FAE04EC0-301F-11D3-BF4B-00C04F79EFBC}") = "Lesson07Task08", "Lesson07Task08\Lesson07Task08.csproj", "{6FB85263-AC34-4AB5-9853-4D61AC50EEB7}"
EndProject
Project("{FAE04EC0-301F-11D3-BF4B-00C04F79EFBC}") = "Lesson07Task09", "Lesson07Task09\Lesson07Task09.csproj", "{906D46B8-D25F-4F97-A8E8-2538E7E1D089}"
EndProject
Project("{FAE04EC0-301F-11D3-BF4B-00C04F79EFBC}") = "Lesson07Task10", "Lesson07Task10\Lesson07Task10.csproj", "{DB48596A-F3B5-46B8-8EAD-2F62995C2176}"
EndProject
Project("{FAE04EC0-301F-11D3-BF4B-00C04F79EFBC}") = "Lesson07Task11", "Lesson07Task11\Lesson07Task11.csproj", "{22434F8D-DA0D-4B48-91DE-5DC5DBEF1BB0}"
EndProject
Project("{FAE04EC0-301F-11D3-BF4B-00C04F79EFBC}") = "Lesson07Task12", "Lesson07Task12\Lesson07Task12.csproj", "{F95B3A26-1ADC-46AA-8D21-EA46A14181D5}"
EndProject
Project("{FAE04EC0-301F-11D3-BF4B-00C04F79EFBC}") = "Lesson07Task13", "Lesson07Task13\Lesson07Task13.csproj", "{566E9A55-BE90-4EFB-97D1-BDCA5247AF10}"
EndProject
Global
	GlobalSection(SolutionConfigurationPlatforms) = preSolution
		Debug|Any CPU = Debug|Any CPU
		Release|Any CPU = Release|Any CPU
	EndGlobalSection
	GlobalSection(ProjectConfigurationPlatforms) = postSolution
		{43AE0AAD-6684-4894-8DA0-10C1D14213CB}.Debug|Any CPU.ActiveCfg = Debug|Any CPU
		{43AE0AAD-6684-4894-8DA0-10C1D14213CB}.Debug|Any CPU.Build.0 = Debug|Any CPU
		{43AE0AAD-6684-4894-8DA0-10C1D14213CB}.Release|Any CPU.ActiveCfg = Release|Any CPU
		{43AE0AAD-6684-4894-8DA0-10C1D14213CB}.Release|Any CPU.Build.0 = Release|Any CPU
		{E2F5CA37-F07A-4627-A3EA-938500D51328}.Debug|Any CPU.ActiveCfg = Debug|Any CPU
		{E2F5CA37-F07A-4627-A3EA-938500D51328}.Debug|Any CPU.Build.0 = Debug|Any CPU
		{E2F5CA37-F07A-4627-A3EA-938500D51328}.Release|Any CPU.ActiveCfg = Release|Any CPU
		{E2F5CA37-F07A-4627-A3EA-938500D51328}.Release|Any CPU.Build.0 = Release|Any CPU
		{EFB521AC-5D30-4648-8F7B-4D01A3A90E21}.Debug|Any CPU.ActiveCfg = Debug|Any CPU
		{EFB521AC-5D30-4648-8F7B-4D01A3A90E21}.Debug|Any CPU.Build.0 = Debug|Any CPU
		{EFB521AC-5D30-4648-8F7B-4D01A3A90E21}.Release|Any CPU.ActiveCfg = Release|Any CPU
		{EFB521AC-5D30-4648-8F7B-4D01A3A90E21}.Release|Any CPU.Build.0 = Release|Any CPU
		{D87ECE75-4CDF-4FF7-9443-7031C9923D22}.Debug|Any CPU.ActiveCfg = Debug|Any CPU
		{D87ECE75-4CDF-4FF7-9443-7031C9923D22}.Debug|Any CPU.Build.0 = Debug|Any CPU
		{D87ECE75-4CDF-4FF7-9443-7031C9923D22}.Release|Any CPU.ActiveCfg = Release|Any CPU
		{D87ECE75-4CDF-4FF7-9443-7031C9923D22}.Release|Any CPU.Build.0 = Release|Any CPU
		{9BAFA831-D6C3-42C9-86F6-AC44BE3FC251}.Debug|Any CPU.ActiveCfg = Debug|Any CPU
		{9BAFA831-D6C3-42C9-86F6-AC44BE3FC251}.Debug|Any CPU.Build.0 = Debug|Any CPU
		{9BAFA831-D6C3-42C9-86F6-AC44BE3FC251}.Release|Any CPU.ActiveCfg = Release|Any CPU
		{9BAFA831-D6C3-42C9-86F6-AC44BE3FC251}.Release|Any CPU.Build.0 = Release|Any CPU
		{87E3BA3D-D4BC-4F7E-91CD-8BC4D2DE66AD}.Debug|Any CPU.ActiveCfg = Debug|Any CPU
		{87E3BA3D-D4BC-4F7E-91CD-8BC4D2DE66AD}.Debug|Any CPU.Build.0 = Debug|Any CPU
		{87E3BA3D-D4BC-4F7E-91CD-8BC4D2DE66AD}.Release|Any CPU.ActiveCfg = Release|Any CPU
		{87E3BA3D-D4BC-4F7E-91CD-8BC4D2DE66AD}.Release|Any CPU.Build.0 = Release|Any CPU
		{CFACD26F-5842-4600-A3FD-8D01B6BBACCE}.Debug|Any CPU.ActiveCfg = Debug|Any CPU
		{CFACD26F-5842-4600-A3FD-8D01B6BBACCE}.Debug|Any CPU.Build.0 = Debug|Any CPU
		{CFACD26F-5842-4600-A3FD-8D01B6BBACCE}.Release|Any CPU.ActiveCfg = Release|Any CPU
		{CFACD26F-5842-4600-A3FD-8D01B6BBACCE}.Release|Any CPU.Build.0 = Release|Any CPU
		{B8B49D49-F9A5-49F6-BB68-EB927B7127BA}.Debug|Any CPU.ActiveCfg = Debug|Any CPU
		{B8B49D49-F9A5-49F6-BB68-EB927B7127BA}.Debug|Any CPU.Build.0 = Debug|Any CPU
		{B8B49D49-F9A5-49F6-BB68-EB927B7127BA}.Release|Any CPU.ActiveCfg = Release|Any CPU
		{B8B49D49-F9A5-49F6-BB68-EB927B7127BA}.Release|Any CPU.Build.0 = Release|Any CPU
		{18A80A83-83E8-4F8A-B170-B5D32E91CC51}.Debug|Any CPU.ActiveCfg = Debug|Any CPU
		{18A80A83-83E8-4F8A-B170-B5D32E91CC51}.Debug|Any CPU.Build.0 = Debug|Any CPU
		{18A80A83-83E8-4F8A-B170-B5D32E91CC51}.Release|Any CPU.ActiveCfg = Release|Any CPU
		{18A80A83-83E8-4F8A-B170-B5D32E91CC51}.Release|Any CPU.Build.0 = Release|Any CPU
		{44F65987-5B82-4430-A4FF-A1F6CE67A90D}.Debug|Any CPU.ActiveCfg = Debug|Any CPU
		{44F65987-5B82-4430-A4FF-A1F6CE67A90D}.Debug|Any CPU.Build.0 = Debug|Any CPU
		{44F65987-5B82-4430-A4FF-A1F6CE67A90D}.Release|Any CPU.ActiveCfg = Release|Any CPU
		{44F65987-5B82-4430-A4FF-A1F6CE67A90D}.Release|Any CPU.Build.0 = Release|Any CPU
		{7B6E459B-6A62-4F80-923A-E17D1249FBB6}.Debug|Any CPU.ActiveCfg = Debug|Any CPU
		{7B6E459B-6A62-4F80-923A-E17D1249FBB6}.Debug|Any CPU.Build.0 = Debug|Any CPU
		{7B6E459B-6A62-4F80-923A-E17D1249FBB6}.Release|Any CPU.ActiveCfg = Release|Any CPU
		{7B6E459B-6A62-4F80-923A-E17D1249FBB6}.Release|Any CPU.Build.0 = Release|Any CPU
		{534B7F49-2278-4E76-90B0-E6EFD5131299}.Debug|Any CPU.ActiveCfg = Debug|Any CPU
		{534B7F49-2278-4E76-90B0-E6EFD5131299}.Debug|Any CPU.Build.0 = Debug|Any CPU
		{534B7F49-2278-4E76-90B0-E6EFD5131299}.Release|Any CPU.ActiveCfg = Release|Any CPU
		{534B7F49-2278-4E76-90B0-E6EFD5131299}.Release|Any CPU.Build.0 = Release|Any CPU
		{30EF63F3-D482-44FE-858F-446EF9F5E18F}.Debug|Any CPU.ActiveCfg = Debug|Any CPU
		{30EF63F3-D482-44FE-858F-446EF9F5E18F}.Debug|Any CPU.Build.0 = Debug|Any CPU
		{30EF63F3-D482-44FE-858F-446EF9F5E18F}.Release|Any CPU.ActiveCfg = Release|Any CPU
		{30EF63F3-D482-44FE-858F-446EF9F5E18F}.Release|Any CPU.Build.0 = Release|Any CPU
		{6FB85263-AC34-4AB5-9853-4D61AC50EEB7}.Debug|Any CPU.ActiveCfg = Debug|Any CPU
		{6FB85263-AC34-4AB5-9853-4D61AC50EEB7}.Debug|Any CPU.Build.0 = Debug|Any CPU
		{6FB85263-AC34-4AB5-9853-4D61AC50EEB7}.Release|Any CPU.ActiveCfg = Release|Any CPU
		{6FB85263-AC34-4AB5-9853-4D61AC50EEB7}.Release|Any CPU.Build.0 = Release|Any CPU
		{906D46B8-D25F-4F97-A8E8-2538E7E1D089}.Debug|Any CPU.ActiveCfg = Debug|Any CPU
		{906D46B8-D25F-4F97-A8E8-2538E7E1D089}.Debug|Any CPU.Build.0 = Debug|Any CPU
		{906D46B8-D25F-4F97-A8E8-2538E7E1D089}.Release|Any CPU.ActiveCfg = Release|Any CPU
		{906D46B8-D25F-4F97-A8E8-2538E7E1D089}.Release|Any CPU.Build.0 = Release|Any CPU
		{DB48596A-F3B5-46B8-8EAD-2F62995C2176}.Debug|Any CPU.ActiveCfg = Debug|Any CPU
		{DB48596A-F3B5-46B8-8EAD-2F62995C2176}.Debug|Any CPU.Build.0 = Debug|Any CPU
		{DB48596A-F3B5-46B8-8EAD-2F62995C2176}.Release|Any CPU.ActiveCfg = Release|Any CPU
		{DB48596A-F3B5-46B8-8EAD-2F62995C2176}.Release|Any CPU.Build.0 = Release|Any CPU
		{22434F8D-DA0D-4B48-91DE-5DC5DBEF1BB0}.Debug|Any CPU.ActiveCfg = Debug|Any CPU
		{22434F8D-DA0D-4B48-91DE-5DC5DBEF1BB0}.Debug|Any CPU.Build.0 = Debug|Any CPU
		{22434F8D-DA0D-4B48-91DE-5DC5DBEF1BB0}.Release|Any CPU.ActiveCfg = Release|Any CPU
		{22434F8D-DA0D-4B48-91DE-5DC5DBEF1BB0}.Release|Any CPU.Build.0 = Release|Any CPU
		{F95B3A26-1ADC-46AA-8D21-EA46A14181D5}.Debug|Any CPU.ActiveCfg = Debug|Any CPU
		{F95B3A26-1ADC-46AA-8D21-EA46A14181D5}.Debug|Any CPU.Build.0 = Debug|Any CPU
		{F95B3A26-1ADC-46AA-8D21-EA46A14181D5}.Release|Any CPU.ActiveCfg = Release|Any CPU
		{F95B3A26-1ADC-46AA-8D21-EA46A14181D5}.Release|Any CPU.Build.0 = Release|Any CPU
		{566E9A55-BE90-4EFB-97D1-BDCA5247AF10}.Debug|Any CPU.ActiveCfg = Debug|Any CPU
		{566E9A55-BE90-4EFB-97D1-BDCA5247AF10}.Debug|Any CPU.Build.0 = Debug|Any CPU
		{566E9A55-BE90-4EFB-97D1-BDCA5247AF10}.Release|Any CPU.ActiveCfg = Release|Any CPU
		{566E9A55-BE90-4EFB-97D1-BDCA5247AF10}.Release|Any CPU.Build.0 = Release|Any CPU
	EndGlobalSection
	GlobalSection(SolutionProperties) = preSolution
		HideSolutionNode = FALSE
	EndGlobalSection
	GlobalSection(NestedProjects) = preSolution
		{B57B3409-17F1-448F-8645-1543B01A54E0} = {D5F0EB83-B16E-4809-A28D-A93022351317}
		{43AE0AAD-6684-4894-8DA0-10C1D14213CB} = {B57B3409-17F1-448F-8645-1543B01A54E0}
		{E2F5CA37-F07A-4627-A3EA-938500D51328} = {194FA13D-ED30-409D-84BB-64202DC31FCB}
		{EFB521AC-5D30-4648-8F7B-4D01A3A90E21} = {B57B3409-17F1-448F-8645-1543B01A54E0}
		{D87ECE75-4CDF-4FF7-9443-7031C9923D22} = {B57B3409-17F1-448F-8645-1543B01A54E0}
		{9BAFA831-D6C3-42C9-86F6-AC44BE3FC251} = {B57B3409-17F1-448F-8645-1543B01A54E0}
		{87E3BA3D-D4BC-4F7E-91CD-8BC4D2DE66AD} = {B57B3409-17F1-448F-8645-1543B01A54E0}
		{64E69E66-F5C5-455D-8C4D-3DC5F9D33729} = {D5F0EB83-B16E-4809-A28D-A93022351317}
		{CFACD26F-5842-4600-A3FD-8D01B6BBACCE} = {64E69E66-F5C5-455D-8C4D-3DC5F9D33729}
		{B8B49D49-F9A5-49F6-BB68-EB927B7127BA} = {64E69E66-F5C5-455D-8C4D-3DC5F9D33729}
		{18A80A83-83E8-4F8A-B170-B5D32E91CC51} = {64E69E66-F5C5-455D-8C4D-3DC5F9D33729}
		{44F65987-5B82-4430-A4FF-A1F6CE67A90D} = {64E69E66-F5C5-455D-8C4D-3DC5F9D33729}
		{7B6E459B-6A62-4F80-923A-E17D1249FBB6} = {64E69E66-F5C5-455D-8C4D-3DC5F9D33729}
		{534B7F49-2278-4E76-90B0-E6EFD5131299} = {64E69E66-F5C5-455D-8C4D-3DC5F9D33729}
		{30EF63F3-D482-44FE-858F-446EF9F5E18F} = {64E69E66-F5C5-455D-8C4D-3DC5F9D33729}
		{6FB85263-AC34-4AB5-9853-4D61AC50EEB7} = {64E69E66-F5C5-455D-8C4D-3DC5F9D33729}
		{906D46B8-D25F-4F97-A8E8-2538E7E1D089} = {64E69E66-F5C5-455D-8C4D-3DC5F9D33729}
		{DB48596A-F3B5-46B8-8EAD-2F62995C2176} = {64E69E66-F5C5-455D-8C4D-3DC5F9D33729}
		{22434F8D-DA0D-4B48-91DE-5DC5DBEF1BB0} = {64E69E66-F5C5-455D-8C4D-3DC5F9D33729}
		{F95B3A26-1ADC-46AA-8D21-EA46A14181D5} = {64E69E66-F5C5-455D-8C4D-3DC5F9D33729}
		{566E9A55-BE90-4EFB-97D1-BDCA5247AF10} = {64E69E66-F5C5-455D-8C4D-3DC5F9D33729}
	EndGlobalSection
	GlobalSection(ExtensibilityGlobals) = postSolution
		SolutionGuid = {6810C441-D391-43A4-9038-1152728D308D}
	EndGlobalSection
EndGlobal
